{
  "name": "vtuber-watcher",
  "version": "0.1.0",
  "lockfileVersion": 1,
  "requires": true,
  "dependencies": {
    "intl-unofficial-duration-unit-format": {
      "version": "3.0.0",
      "resolved": "https://registry.npmjs.org/intl-unofficial-duration-unit-format/-/intl-unofficial-duration-unit-format-3.0.0.tgz",
      "integrity": "sha512-BFelPGPIboTjbe56JfLFQ5Jfi/lYsk1Dj6Jf1TesIBHqUGxJaYnRa3IYt8L1ak7xQdH0/8sYjgs53Id+VP4lsw==",
      "dev": true
    },
    "react-intl-formatted-duration": {
      "version": "4.0.0",
      "resolved": "https://registry.npmjs.org/react-intl-formatted-duration/-/react-intl-formatted-duration-4.0.0.tgz",
      "integrity": "sha512-d515Fk5T594grm8WbyPer6WKdTgKajaTFT944+4QFDnsNU7cs/ZiDLinGUwaSzn7bu/IFvBCvY0xNGpClKC4uw==",
      "dev": true,
      "requires": {
        "intl-unofficial-duration-unit-format": "3.0.0"
      }
    },
    "yarn": {
      "version": "1.22.17",
      "resolved": "https://registry.npmjs.org/yarn/-/yarn-1.22.17.tgz",
      "integrity": "sha512-H0p241BXaH0UN9IeH//RT82tl5PfNraVpSpEoW+ET7lmopNC61eZ+A+IDvU8FM6Go5vx162SncDL8J1ZjRBriQ=="
    }
  }
}
